{
  "name": "uikit",
  "version": "1.0.0",
  "lockfileVersion": 2,
  "requires": true,
  "packages": {
    "": {
      "name": "uikit",
      "version": "1.0.0",
      "license": "ISC",
      "dependencies": {
        "purecss": "^2.0.5",
        "uikit": "^3.6.20"
      }
    },
    "node_modules/purecss": {
      "version": "2.0.5",
      "resolved": "https://registry.npmjs.org/purecss/-/purecss-2.0.5.tgz",
      "integrity": "sha512-T9yg6NwJf1fgjUs+Vo0cEhHAR7lnkYbqhNYGdKzL9KjZ0ZECvvYZ2pgvOTN3jDa+1mpouMFaskuffG+lOADwxQ=="
    },
    "node_modules/uikit": {
      "version": "3.6.20",
      "resolved": "https://registry.npmjs.org/uikit/-/uikit-3.6.20.tgz",
      "integrity": "sha512-hq0vjW35JoedfVSjaJx8ZEXrE1hgDF8t1TEBUT6P7V3vepZ5U99rPu3HXl2bzR8c0XC0bdJ9Gcl9i03SsaeFyw=="
    }
  },
  "dependencies": {
    "purecss": {
      "version": "2.0.5",
      "resolved": "https://registry.npmjs.org/purecss/-/purecss-2.0.5.tgz",
      "integrity": "sha512-T9yg6NwJf1fgjUs+Vo0cEhHAR7lnkYbqhNYGdKzL9KjZ0ZECvvYZ2pgvOTN3jDa+1mpouMFaskuffG+lOADwxQ=="
    },
    "uikit": {
      "version": "3.6.20",
      "resolved": "https://registry.npmjs.org/uikit/-/uikit-3.6.20.tgz",
      "integrity": "sha512-hq0vjW35JoedfVSjaJx8ZEXrE1hgDF8t1TEBUT6P7V3vepZ5U99rPu3HXl2bzR8c0XC0bdJ9Gcl9i03SsaeFyw=="
    }
  }
}
